
Microsoft Visual Studio Solution File, Format Version 12.00
# Visual Studio Version 17
VisualStudioVersion = 17.12.35707.178
MinimumVisualStudioVersion = 10.0.40219.1
Project("{2150E333-8FDC-42A3-9474-1A3956D46DE8}") = "src", "src", "{0F9F3CDB-A8D5-4074-97B0-54C6CB0D6CE9}"
EndProject
Project("{FAE04EC0-301F-11D3-BF4B-00C04F79EFBC}") = "SikiSokoChatApp.Domain", "src\SikiSokoChatApp.Domain\SikiSokoChatApp.Domain.csproj", "{6ECBF31B-AF44-426C-A355-A07F88B7A298}"
EndProject
Project("{FAE04EC0-301F-11D3-BF4B-00C04F79EFBC}") = "SikiSokoChatApp.Application", "src\SikiSokoChatApp.Application\SikiSokoChatApp.Application.csproj", "{865F394C-26EC-4176-B36B-818E457EF939}"
EndProject
Project("{FAE04EC0-301F-11D3-BF4B-00C04F79EFBC}") = "SikiSokoChatApp.Infrastructure", "src\SikiSokoChatApp.Infrastructure\SikiSokoChatApp.Infrastructure.csproj", "{F858FE37-B2A7-4F86-93BB-D0A23BD19CAE}"
EndProject
Project("{FAE04EC0-301F-11D3-BF4B-00C04F79EFBC}") = "SikiSokoChatApp.Shared", "src\SikiSokoChatApp.Shared\SikiSokoChatApp.Shared.csproj", "{2E27A6A1-84B0-4BF8-A85D-989612EAEF68}"
EndProject
Project("{FAE04EC0-301F-11D3-BF4B-00C04F79EFBC}") = "SikiSokoChatApp.API", "src\SikiSokoChatApp.API\SikiSokoChatApp.API.csproj", "{6DCE40F0-6CFA-4FEB-B5DF-56381C8F5FD7}"
EndProject
Global
	GlobalSection(SolutionConfigurationPlatforms) = preSolution
		Debug|Any CPU = Debug|Any CPU
		Release|Any CPU = Release|Any CPU
	EndGlobalSection
	GlobalSection(ProjectConfigurationPlatforms) = postSolution
		{6ECBF31B-AF44-426C-A355-A07F88B7A298}.Debug|Any CPU.ActiveCfg = Debug|Any CPU
		{6ECBF31B-AF44-426C-A355-A07F88B7A298}.Debug|Any CPU.Build.0 = Debug|Any CPU
		{6ECBF31B-AF44-426C-A355-A07F88B7A298}.Release|Any CPU.ActiveCfg = Release|Any CPU
		{6ECBF31B-AF44-426C-A355-A07F88B7A298}.Release|Any CPU.Build.0 = Release|Any CPU
		{865F394C-26EC-4176-B36B-818E457EF939}.Debug|Any CPU.ActiveCfg = Debug|Any CPU
		{865F394C-26EC-4176-B36B-818E457EF939}.Debug|Any CPU.Build.0 = Debug|Any CPU
		{865F394C-26EC-4176-B36B-818E457EF939}.Release|Any CPU.ActiveCfg = Release|Any CPU
		{865F394C-26EC-4176-B36B-818E457EF939}.Release|Any CPU.Build.0 = Release|Any CPU
		{F858FE37-B2A7-4F86-93BB-D0A23BD19CAE}.Debug|Any CPU.ActiveCfg = Debug|Any CPU
		{F858FE37-B2A7-4F86-93BB-D0A23BD19CAE}.Debug|Any CPU.Build.0 = Debug|Any CPU
		{F858FE37-B2A7-4F86-93BB-D0A23BD19CAE}.Release|Any CPU.ActiveCfg = Release|Any CPU
		{F858FE37-B2A7-4F86-93BB-D0A23BD19CAE}.Release|Any CPU.Build.0 = Release|Any CPU
		{2E27A6A1-84B0-4BF8-A85D-989612EAEF68}.Debug|Any CPU.ActiveCfg = Debug|Any CPU
		{2E27A6A1-84B0-4BF8-A85D-989612EAEF68}.Debug|Any CPU.Build.0 = Debug|Any CPU
		{2E27A6A1-84B0-4BF8-A85D-989612EAEF68}.Release|Any CPU.ActiveCfg = Release|Any CPU
		{2E27A6A1-84B0-4BF8-A85D-989612EAEF68}.Release|Any CPU.Build.0 = Release|Any CPU
		{6DCE40F0-6CFA-4FEB-B5DF-56381C8F5FD7}.Debug|Any CPU.ActiveCfg = Debug|Any CPU
		{6DCE40F0-6CFA-4FEB-B5DF-56381C8F5FD7}.Debug|Any CPU.Build.0 = Debug|Any CPU
		{6DCE40F0-6CFA-4FEB-B5DF-56381C8F5FD7}.Release|Any CPU.ActiveCfg = Release|Any CPU
		{6DCE40F0-6CFA-4FEB-B5DF-56381C8F5FD7}.Release|Any CPU.Build.0 = Release|Any CPU
	EndGlobalSection
	GlobalSection(SolutionProperties) = preSolution
		HideSolutionNode = FALSE
	EndGlobalSection
	GlobalSection(NestedProjects) = preSolution
		{6ECBF31B-AF44-426C-A355-A07F88B7A298} = {0F9F3CDB-A8D5-4074-97B0-54C6CB0D6CE9}
		{865F394C-26EC-4176-B36B-818E457EF939} = {0F9F3CDB-A8D5-4074-97B0-54C6CB0D6CE9}
		{F858FE37-B2A7-4F86-93BB-D0A23BD19CAE} = {0F9F3CDB-A8D5-4074-97B0-54C6CB0D6CE9}
		{2E27A6A1-84B0-4BF8-A85D-989612EAEF68} = {0F9F3CDB-A8D5-4074-97B0-54C6CB0D6CE9}
		{6DCE40F0-6CFA-4FEB-B5DF-56381C8F5FD7} = {0F9F3CDB-A8D5-4074-97B0-54C6CB0D6CE9}
	EndGlobalSection
EndGlobal
